
Microsoft Visual Studio Solution File, Format Version 12.00
# Visual Studio Version 16
VisualStudioVersion = 16.0.34407.143
MinimumVisualStudioVersion = 10.0.40219.1
Project("{FAE04EC0-301F-11D3-BF4B-00C04F79EFBC}") = "tema16prkt4", "tema16prkt4.csproj", "{4E516652-95B9-4E8F-AD03-499D341881FB}"
EndProject
Global
	GlobalSection(SolutionConfigurationPlatforms) = preSolution
		Debug|Any CPU = Debug|Any CPU
		Release|Any CPU = Release|Any CPU
	EndGlobalSection
	GlobalSection(ProjectConfigurationPlatforms) = postSolution
		{4E516652-95B9-4E8F-AD03-499D341881FB}.Debug|Any CPU.ActiveCfg = Debug|Any CPU
		{4E516652-95B9-4E8F-AD03-499D341881FB}.Debug|Any CPU.Build.0 = Debug|Any CPU
		{4E516652-95B9-4E8F-AD03-499D341881FB}.Release|Any CPU.ActiveCfg = Release|Any CPU
		{4E516652-95B9-4E8F-AD03-499D341881FB}.Release|Any CPU.Build.0 = Release|Any CPU
	EndGlobalSection
	GlobalSection(SolutionProperties) = preSolution
		HideSolutionNode = FALSE
	EndGlobalSection
	GlobalSection(ExtensibilityGlobals) = postSolution
		SolutionGuid = {60BC71C8-71A5-4FEB-A746-049118784830}
	EndGlobalSection
EndGlobal
